<?xml version="1.0" encoding="utf-8"?>
<Project ToolsVersion="4.0" xmlns="http://schemas.microsoft.com/developer/msbuild/2003">
  <ItemGroup>
    <Filter Include="Source Files">
      <UniqueIdentifier>{4FC737F1-C7A5-4376-A066-2A32D752A2FF}</UniqueIdentifier>
      <Extensions>cpp;c;cc;cxx;c++;cppm;ixx;def;odl;idl;hpj;bat;asm;asmx</Extensions>
    </Filter>
    <Filter Include="Header Files">
      <UniqueIdentifier>{93995380-89BD-4b04-88EB-625FBE52EBFB}</UniqueIdentifier>
      <Extensions>h;hh;hpp;hxx;h++;hm;inl;inc;ipp;xsd</Extensions>
    </Filter>
    <Filter Include="Resource Files">
      <UniqueIdentifier>{67DA6AB6-F800-4c08-8B7A-83BB121AAD01}</UniqueIdentifier>
      <Extensions>rc;ico;cur;bmp;dlg;rc2;rct;bin;rgs;gif;jpg;jpeg;jpe;resx;tiff;tif;png;wav;mfcribbon-ms</Extensions>
    </Filter>
    <Filter Include="Header Files\Nodes">
      <UniqueIdentifier>{8b2af106-de6d-4173-8e93-36a6914b47c6}</UniqueIdentifier>
    </Filter>
    <Filter Include="Source Files\Nodes">
      <UniqueIdentifier>{96e06e65-6547-493a-9db1-836453b96478}</UniqueIdentifier>
    </Filter>
    <Filter Include="Header Files\Nodes\Composite">
      <UniqueIdentifier>{ad1807ab-615d-4695-9e78-83d02d6714ce}</UniqueIdentifier>
    </Filter>
    <Filter Include="Source Files\Nodes\Composite">
      <UniqueIdentifier>{9d6396e1-fbd7-419e-9ca9-684788374884}</UniqueIdentifier>
    </Filter>
  </ItemGroup>
  <ItemGroup>
    <ClCompile Include="BT\BehaviourTree.cpp">
      <Filter>Source Files</Filter>
    </ClCompile>
    <ClCompile Include="BT\Nodes\Composite\BTSelectorNode.cpp">
      <Filter>Source Files\Nodes\Composite</Filter>
    </ClCompile>
    <ClCompile Include="BT\Nodes\Composite\BTSequenceNode.cpp">
      <Filter>Source Files\Nodes\Composite</Filter>
    </ClCompile>
    <ClCompile Include="BT\Nodes\Composite\BTCompositeNode.cpp">
      <Filter>Source Files\Nodes\Composite</Filter>
    </ClCompile>
    <ClCompile Include="BT\Nodes\Composite\BTRandomSelector.cpp">
      <Filter>Source Files\Nodes\Composite</Filter>
    </ClCompile>
  </ItemGroup>
  <ItemGroup>
    <ClInclude Include="BT\BehaviourTree.h">
      <Filter>Header Files</Filter>
    </ClInclude>
    <ClInclude Include="BT\Nodes\BTNode.h">
      <Filter>Header Files\Nodes</Filter>
    </ClInclude>
    <ClInclude Include="BT\Nodes\Composite\BTSelectorNode.h">
      <Filter>Header Files\Nodes\Composite</Filter>
    </ClInclude>
    <ClInclude Include="BT\Nodes\Composite\BTSequenceNode.h">
      <Filter>Header Files\Nodes\Composite</Filter>
    </ClInclude>
    <ClInclude Include="BT\Nodes\Composite\BTCompositeNode.h">
      <Filter>Header Files\Nodes\Composite</Filter>
    </ClInclude>
    <ClInclude Include="BT\Nodes\Composite\BTRandomSelector.h">
      <Filter>Header Files\Nodes\Composite</Filter>
    </ClInclude>
  </ItemGroup>
</Project>